
Microsoft Visual Studio Solution File, Format Version 12.00
# Visual Studio Version 16
VisualStudioVersion = 16.0.30503.244
MinimumVisualStudioVersion = 10.0.40219.1
Project("{FAE04EC0-301F-11D3-BF4B-00C04F79EFBC}") = "CrudFinalASP.NET", "CrudFinalASP.NET\CrudFinalASP.NET.csproj", "{1A8AEB7A-F660-49DB-B1E7-E3F1ADE66437}"
EndProject
Global
	GlobalSection(SolutionConfigurationPlatforms) = preSolution
		Debug|Any CPU = Debug|Any CPU
		Release|Any CPU = Release|Any CPU
	EndGlobalSection
	GlobalSection(ProjectConfigurationPlatforms) = postSolution
		{1A8AEB7A-F660-49DB-B1E7-E3F1ADE66437}.Debug|Any CPU.ActiveCfg = Debug|Any CPU
		{1A8AEB7A-F660-49DB-B1E7-E3F1ADE66437}.Debug|Any CPU.Build.0 = Debug|Any CPU
		{1A8AEB7A-F660-49DB-B1E7-E3F1ADE66437}.Release|Any CPU.ActiveCfg = Release|Any CPU
		{1A8AEB7A-F660-49DB-B1E7-E3F1ADE66437}.Release|Any CPU.Build.0 = Release|Any CPU
	EndGlobalSection
	GlobalSection(SolutionProperties) = preSolution
		HideSolutionNode = FALSE
	EndGlobalSection
	GlobalSection(ExtensibilityGlobals) = postSolution
		SolutionGuid = {ED80F96C-3BFD-4FCC-9EF6-90326F3D48B6}
	EndGlobalSection
EndGlobal
